// !$*UTF8*$!
{
	archiveVersion = 1;
	classes = {
	};
	objectVersion = 55;
	objects = {

/* Begin PBXBuildFile section */
		C182288A04AEAC77B7A11401 /* Pods_IOSNewsApp.framework in Frameworks */ = {isa = PBXBuildFile; fileRef = 101639803841D7C859967103 /* Pods_IOSNewsApp.framework */; };
		FAF573AB280239E200265B5C /* AppDelegate.swift in Sources */ = {isa = PBXBuildFile; fileRef = FAF573AA280239E200265B5C /* AppDelegate.swift */; };
		FAF573AD280239E200265B5C /* SceneDelegate.swift in Sources */ = {isa = PBXBuildFile; fileRef = FAF573AC280239E200265B5C /* SceneDelegate.swift */; };
		FAF573AF280239E200265B5C /* ViewController.swift in Sources */ = {isa = PBXBuildFile; fileRef = FAF573AE280239E200265B5C /* ViewController.swift */; };
		FAF573B2280239E200265B5C /* Main.storyboard in Resources */ = {isa = PBXBuildFile; fileRef = FAF573B0280239E200265B5C /* Main.storyboard */; };
		FAF573B5280239E200265B5C /* IOSNewsApp.xcdatamodeld in Sources */ = {isa = PBXBuildFile; fileRef = FAF573B3280239E200265B5C /* IOSNewsApp.xcdatamodeld */; };
		FAF573B7280239E400265B5C /* Assets.xcassets in Resources */ = {isa = PBXBuildFile; fileRef = FAF573B6280239E400265B5C /* Assets.xcassets */; };
		FAF573BA280239E400265B5C /* LaunchScreen.storyboard in Resources */ = {isa = PBXBuildFile; fileRef = FAF573B8280239E400265B5C /* LaunchScreen.storyboard */; };
		FAF573C228023A4C00265B5C /* NewsData.swift in Sources */ = {isa = PBXBuildFile; fileRef = FAF573C128023A4C00265B5C /* NewsData.swift */; };
		FAF573C428023B9500265B5C /* NewsCell.swift in Sources */ = {isa = PBXBuildFile; fileRef = FAF573C328023B9500265B5C /* NewsCell.swift */; };
		FAF573C82802833D00265B5C /* TableViewController.swift in Sources */ = {isa = PBXBuildFile; fileRef = FAF573C72802833D00265B5C /* TableViewController.swift */; };
		FAF573CA28028DC300265B5C /* DetailNewsViewController.swift in Sources */ = {isa = PBXBuildFile; fileRef = FAF573C928028DC300265B5C /* DetailNewsViewController.swift */; };
/* End PBXBuildFile section */

/* Begin PBXFileReference section */
		101639803841D7C859967103 /* Pods_IOSNewsApp.framework */ = {isa = PBXFileReference; explicitFileType = wrapper.framework; includeInIndex = 0; path = Pods_IOSNewsApp.framework; sourceTree = BUILT_PRODUCTS_DIR; };
		41793C263B3F8CC73CE6CA04 /* Pods-IOSNewsApp.debug.xcconfig */ = {isa = PBXFileReference; includeInIndex = 1; lastKnownFileType = text.xcconfig; name = "Pods-IOSNewsApp.debug.xcconfig"; path = "Target Support Files/Pods-IOSNewsApp/Pods-IOSNewsApp.debug.xcconfig"; sourceTree = "<group>"; };
		59369F5F2302E199E86ABAE9 /* Pods-IOSNewsApp.release.xcconfig */ = {isa = PBXFileReference; includeInIndex = 1; lastKnownFileType = text.xcconfig; name = "Pods-IOSNewsApp.release.xcconfig"; path = "Target Support Files/Pods-IOSNewsApp/Pods-IOSNewsApp.release.xcconfig"; sourceTree = "<group>"; };
		FAF573A7280239E200265B5C /* IOSNewsApp.app */ = {isa = PBXFileReference; explicitFileType = wrapper.application; includeInIndex = 0; path = IOSNewsApp.app; sourceTree = BUILT_PRODUCTS_DIR; };
		FAF573AA280239E200265B5C /* AppDelegate.swift */ = {isa = PBXFileReference; lastKnownFileType = sourcecode.swift; path = AppDelegate.swift; sourceTree = "<group>"; };
		FAF573AC280239E200265B5C /* SceneDelegate.swift */ = {isa = PBXFileReference; lastKnownFileType = sourcecode.swift; path = SceneDelegate.swift; sourceTree = "<group>"; };
		FAF573AE280239E200265B5C /* ViewController.swift */ = {isa = PBXFileReference; lastKnownFileType = sourcecode.swift; path = ViewController.swift; sourceTree = "<group>"; };
		FAF573B1280239E200265B5C /* Base */ = {isa = PBXFileReference; lastKnownFileType = file.storyboard; name = Base; path = Base.lproj/Main.storyboard; sourceTree = "<group>"; };
		FAF573B4280239E200265B5C /* IOSNewsApp.xcdatamodel */ = {isa = PBXFileReference; lastKnownFileType = wrapper.xcdatamodel; path = IOSNewsApp.xcdatamodel; sourceTree = "<group>"; };
		FAF573B6280239E400265B5C /* Assets.xcassets */ = {isa = PBXFileReference; lastKnownFileType = folder.assetcatalog; path = Assets.xcassets; sourceTree = "<group>"; };
		FAF573B9280239E400265B5C /* Base */ = {isa = PBXFileReference; lastKnownFileType = file.storyboard; name = Base; path = Base.lproj/LaunchScreen.storyboard; sourceTree = "<group>"; };
		FAF573BB280239E400265B5C /* Info.plist */ = {isa = PBXFileReference; lastKnownFileType = text.plist.xml; path = Info.plist; sourceTree = "<group>"; };
		FAF573C128023A4C00265B5C /* NewsData.swift */ = {isa = PBXFileReference; lastKnownFileType = sourcecode.swift; path = NewsData.swift; sourceTree = "<group>"; };
		FAF573C328023B9500265B5C /* NewsCell.swift */ = {isa = PBXFileReference; lastKnownFileType = sourcecode.swift; path = NewsCell.swift; sourceTree = "<group>"; };
		FAF573C72802833D00265B5C /* TableViewController.swift */ = {isa = PBXFileReference; lastKnownFileType = sourcecode.swift; path = TableViewController.swift; sourceTree = "<group>"; };
		FAF573C928028DC300265B5C /* DetailNewsViewController.swift */ = {isa = PBXFileReference; lastKnownFileType = sourcecode.swift; path = DetailNewsViewController.swift; sourceTree = "<group>"; };
/* End PBXFileReference section */

/* Begin PBXFrameworksBuildPhase section */
		FAF573A4280239E200265B5C /* Frameworks */ = {
			isa = PBXFrameworksBuildPhase;
			buildActionMask = 2147483647;
			files = (
				C182288A04AEAC77B7A11401 /* Pods_IOSNewsApp.framework in Frameworks */,
			);
			runOnlyForDeploymentPostprocessing = 0;
		};
/* End PBXFrameworksBuildPhase section */

/* Begin PBXGroup section */
		8ED38A2C4D614E2C4A24CB68 /* Pods */ = {
			isa = PBXGroup;
			children = (
				41793C263B3F8CC73CE6CA04 /* Pods-IOSNewsApp.debug.xcconfig */,
				59369F5F2302E199E86ABAE9 /* Pods-IOSNewsApp.release.xcconfig */,
			);
			path = Pods;
			sourceTree = "<group>";
		};
		EA6982C614FDA4A835A9231F /* Frameworks */ = {
			isa = PBXGroup;
			children = (
				101639803841D7C859967103 /* Pods_IOSNewsApp.framework */,
			);
			name = Frameworks;
			sourceTree = "<group>";
		};
		FAF5739E280239E200265B5C = {
			isa = PBXGroup;
			children = (
				FAF573A9280239E200265B5C /* IOSNewsApp */,
				FAF573A8280239E200265B5C /* Products */,
				8ED38A2C4D614E2C4A24CB68 /* Pods */,
				EA6982C614FDA4A835A9231F /* Frameworks */,
			);
			sourceTree = "<group>";
		};
		FAF573A8280239E200265B5C /* Products */ = {
			isa = PBXGroup;
			children = (
				FAF573A7280239E200265B5C /* IOSNewsApp.app */,
			);
			name = Products;
			sourceTree = "<group>";
		};
		FAF573A9280239E200265B5C /* IOSNewsApp */ = {
			isa = PBXGroup;
			children = (
				FAF573AA280239E200265B5C /* AppDelegate.swift */,
				FAF573AC280239E200265B5C /* SceneDelegate.swift */,
				FAF573AE280239E200265B5C /* ViewController.swift */,
				FAF573B0280239E200265B5C /* Main.storyboard */,
				FAF573B6280239E400265B5C /* Assets.xcassets */,
				FAF573B8280239E400265B5C /* LaunchScreen.storyboard */,
				FAF573BB280239E400265B5C /* Info.plist */,
				FAF573B3280239E200265B5C /* IOSNewsApp.xcdatamodeld */,
				FAF573C128023A4C00265B5C /* NewsData.swift */,
				FAF573C328023B9500265B5C /* NewsCell.swift */,
				FAF573C72802833D00265B5C /* TableViewController.swift */,
				FAF573C928028DC300265B5C /* DetailNewsViewController.swift */,
			);
			path = IOSNewsApp;
			sourceTree = "<group>";
		};
/* End PBXGroup section */

/* Begin PBXNativeTarget section */
		FAF573A6280239E200265B5C /* IOSNewsApp */ = {
			isa = PBXNativeTarget;
			buildConfigurationList = FAF573BE280239E400265B5C /* Build configuration list for PBXNativeTarget "IOSNewsApp" */;
			buildPhases = (
				92D096446C4D17D64C660C1D /* [CP] Check Pods Manifest.lock */,
				FAF573A3280239E200265B5C /* Sources */,
				FAF573A4280239E200265B5C /* Frameworks */,
				FAF573A5280239E200265B5C /* Resources */,
				F2AEC31E8F8A8DF2703FACBE /* [CP] Embed Pods Frameworks */,
			);
			buildRules = (
			);
			dependencies = (
			);
			name = IOSNewsApp;
			productName = IOSNewsApp;
			productReference = FAF573A7280239E200265B5C /* IOSNewsApp.app */;
			productType = "com.apple.product-type.application";
		};
/* End PBXNativeTarget section */

/* Begin PBXProject section */
		FAF5739F280239E200265B5C /* Project object */ = {
			isa = PBXProject;
			attributes = {
				BuildIndependentTargetsInParallel = 1;
				LastSwiftUpdateCheck = 1330;
				LastUpgradeCheck = 1330;
				TargetAttributes = {
					FAF573A6280239E200265B5C = {
						CreatedOnToolsVersion = 13.3;
					};
				};
			};
			buildConfigurationList = FAF573A2280239E200265B5C /* Build configuration list for PBXProject "IOSNewsApp" */;
			compatibilityVersion = "Xcode 13.0";
			developmentRegion = en;
			hasScannedForEncodings = 0;
			knownRegions = (
				en,
				Base,
			);
			mainGroup = FAF5739E280239E200265B5C;
			productRefGroup = FAF573A8280239E200265B5C /* Products */;
			projectDirPath = "";
			projectRoot = "";
			targets = (
				FAF573A6280239E200265B5C /* IOSNewsApp */,
			);
		};
/* End PBXProject section */

/* Begin PBXResourcesBuildPhase section */
		FAF573A5280239E200265B5C /* Resources */ = {
			isa = PBXResourcesBuildPhase;
			buildActionMask = 2147483647;
			files = (
				FAF573BA280239E400265B5C /* LaunchScreen.storyboard in Resources */,
				FAF573B7280239E400265B5C /* Assets.xcassets in Resources */,
				FAF573B2280239E200265B5C /* Main.storyboard in Resources */,
			);
			runOnlyForDeploymentPostprocessing = 0;
		};
/* End PBXResourcesBuildPhase section */

/* Begin PBXShellScriptBuildPhase section */
		92D096446C4D17D64C660C1D /* [CP] Check Pods Manifest.lock */ = {
			isa = PBXShellScriptBuildPhase;
			buildActionMask = 2147483647;
			files = (
			);
			inputFileListPaths = (
			);
			inputPaths = (
				"${PODS_PODFILE_DIR_PATH}/Podfile.lock",
				"${PODS_ROOT}/Manifest.lock",
			);
			name = "[CP] Check Pods Manifest.lock";
			outputFileListPaths = (
			);
			outputPaths = (
				"$(DERIVED_FILE_DIR)/Pods-IOSNewsApp-checkManifestLockResult.txt",
			);
			runOnlyForDeploymentPostprocessing = 0;
			shellPath = /bin/sh;
			shellScript = "diff \"${PODS_PODFILE_DIR_PATH}/Podfile.lock\" \"${PODS_ROOT}/Manifest.lock\" > /dev/null\nif [ $? != 0 ] ; then\n    # print error to STDERR\n    echo \"error: The sandbox is not in sync with the Podfile.lock. Run 'pod install' or update your CocoaPods installation.\" >&2\n    exit 1\nfi\n# This output is used by Xcode 'outputs' to avoid re-running this script phase.\necho \"SUCCESS\" > \"${SCRIPT_OUTPUT_FILE_0}\"\n";
			showEnvVarsInLog = 0;
		};
		F2AEC31E8F8A8DF2703FACBE /* [CP] Embed Pods Frameworks */ = {
			isa = PBXShellScriptBuildPhase;
			buildActionMask = 2147483647;
			files = (
			);
			inputFileListPaths = (
				"${PODS_ROOT}/Target Support Files/Pods-IOSNewsApp/Pods-IOSNewsApp-frameworks-${CONFIGURATION}-input-files.xcfilelist",
			);
			name = "[CP] Embed Pods Frameworks";
			outputFileListPaths = (
				"${PODS_ROOT}/Target Support Files/Pods-IOSNewsApp/Pods-IOSNewsApp-frameworks-${CONFIGURATION}-output-files.xcfilelist",
			);
			runOnlyForDeploymentPostprocessing = 0;
			shellPath = /bin/sh;
			shellScript = "\"${PODS_ROOT}/Target Support Files/Pods-IOSNewsApp/Pods-IOSNewsApp-frameworks.sh\"\n";
			showEnvVarsInLog = 0;
		};
/* End PBXShellScriptBuildPhase section */

/* Begin PBXSourcesBuildPhase section */
		FAF573A3280239E200265B5C /* Sources */ = {
			isa = PBXSourcesBuildPhase;
			buildActionMask = 2147483647;
			files = (
				FAF573CA28028DC300265B5C /* DetailNewsViewController.swift in Sources */,
				FAF573B5280239E200265B5C /* IOSNewsApp.xcdatamodeld in Sources */,
				FAF573C82802833D00265B5C /* TableViewController.swift in Sources */,
				FAF573AF280239E200265B5C /* ViewController.swift in Sources */,
				FAF573AB280239E200265B5C /* AppDelegate.swift in Sources */,
				FAF573AD280239E200265B5C /* SceneDelegate.swift in Sources */,
				FAF573C428023B9500265B5C /* NewsCell.swift in Sources */,
				FAF573C228023A4C00265B5C /* NewsData.swift in Sources */,
			);
			runOnlyForDeploymentPostprocessing = 0;
		};
/* End PBXSourcesBuildPhase section */

/* Begin PBXVariantGroup section */
		FAF573B0280239E200265B5C /* Main.storyboard */ = {
			isa = PBXVariantGroup;
			children = (
				FAF573B1280239E200265B5C /* Base */,
			);
			name = Main.storyboard;
			sourceTree = "<group>";
		};
		FAF573B8280239E400265B5C /* LaunchScreen.storyboard */ = {
			isa = PBXVariantGroup;
			children = (
				FAF573B9280239E400265B5C /* Base */,
			);
			name = LaunchScreen.storyboard;
			sourceTree = "<group>";
		};
/* End PBXVariantGroup section */

/* Begin XCBuildConfiguration section */
		FAF573BC280239E400265B5C /* Debug */ = {
			isa = XCBuildConfiguration;
			buildSettings = {
				ALWAYS_SEARCH_USER_PATHS = NO;
				CLANG_ANALYZER_NONNULL = YES;
				CLANG_ANALYZER_NUMBER_OBJECT_CONVERSION = YES_AGGRESSIVE;
				CLANG_CXX_LANGUAGE_STANDARD = "gnu++17";
				CLANG_ENABLE_MODULES = YES;
				CLANG_ENABLE_OBJC_ARC = YES;
				CLANG_ENABLE_OBJC_WEAK = YES;
				CLANG_WARN_BLOCK_CAPTURE_AUTORELEASING = YES;
				CLANG_WARN_BOOL_CONVERSION = YES;
				CLANG_WARN_COMMA = YES;
				CLANG_WARN_CONSTANT_CONVERSION = YES;
				CLANG_WARN_DEPRECATED_OBJC_IMPLEMENTATIONS = YES;
				CLANG_WARN_DIRECT_OBJC_ISA_USAGE = YES_ERROR;
				CLANG_WARN_DOCUMENTATION_COMMENTS = YES;
				CLANG_WARN_EMPTY_BODY = YES;
				CLANG_WARN_ENUM_CONVERSION = YES;
				CLANG_WARN_INFINITE_RECURSION = YES;
				CLANG_WARN_INT_CONVERSION = YES;
				CLANG_WARN_NON_LITERAL_NULL_CONVERSION = YES;
				CLANG_WARN_OBJC_IMPLICIT_RETAIN_SELF = YES;
				CLANG_WARN_OBJC_LITERAL_CONVERSION = YES;
				CLANG_WARN_OBJC_ROOT_CLASS = YES_ERROR;
				CLANG_WARN_QUOTED_INCLUDE_IN_FRAMEWORK_HEADER = YES;
				CLANG_WARN_RANGE_LOOP_ANALYSIS = YES;
				CLANG_WARN_STRICT_PROTOTYPES = YES;
				CLANG_WARN_SUSPICIOUS_MOVE = YES;
				CLANG_WARN_UNGUARDED_AVAILABILITY = YES_AGGRESSIVE;
				CLANG_WARN_UNREACHABLE_CODE = YES;
				CLANG_WARN__DUPLICATE_METHOD_MATCH = YES;
				COPY_PHASE_STRIP = NO;
				DEBUG_INFORMATION_FORMAT = dwarf;
				ENABLE_STRICT_OBJC_MSGSEND = YES;
				ENABLE_TESTABILITY = YES;
				GCC_C_LANGUAGE_STANDARD = gnu11;
				GCC_DYNAMIC_NO_PIC = NO;
				GCC_NO_COMMON_BLOCKS = YES;
				GCC_OPTIMIZATION_LEVEL = 0;
				GCC_PREPROCESSOR_DEFINITIONS = (
					"DEBUG=1",
					"$(inherited)",
				);
				GCC_WARN_64_TO_32_BIT_CONVERSION = YES;
				GCC_WARN_ABOUT_RETURN_TYPE = YES_ERROR;
				GCC_WARN_UNDECLARED_SELECTOR = YES;
				GCC_WARN_UNINITIALIZED_AUTOS = YES_AGGRESSIVE;
				GCC_WARN_UNUSED_FUNCTION = YES;
				GCC_WARN_UNUSED_VARIABLE = YES;
				IPHONEOS_DEPLOYMENT_TARGET = 15.4;
				MTL_ENABLE_DEBUG_INFO = INCLUDE_SOURCE;
				MTL_FAST_MATH = YES;
				ONLY_ACTIVE_ARCH = YES;
				SDKROOT = iphoneos;
				SWIFT_ACTIVE_COMPILATION_CONDITIONS = DEBUG;
				SWIFT_OPTIMIZATION_LEVEL = "-Onone";
			};
			name = Debug;
		};
		FAF573BD280239E400265B5C /* Release */ = {
			isa = XCBuildConfiguration;
			buildSettings = {
				ALWAYS_SEARCH_USER_PATHS = NO;
				CLANG_ANALYZER_NONNULL = YES;
				CLANG_ANALYZER_NUMBER_OBJECT_CONVERSION = YES_AGGRESSIVE;
				CLANG_CXX_LANGUAGE_STANDARD = "gnu++17";
				CLANG_ENABLE_MODULES = YES;
				CLANG_ENABLE_OBJC_ARC = YES;
				CLANG_ENABLE_OBJC_WEAK = YES;
				CLANG_WARN_BLOCK_CAPTURE_AUTORELEASING = YES;
				CLANG_WARN_BOOL_CONVERSION = YES;
				CLANG_WARN_COMMA = YES;
				CLANG_WARN_CONSTANT_CONVERSION = YES;
				CLANG_WARN_DEPRECATED_OBJC_IMPLEMENTATIONS = YES;
				CLANG_WARN_DIRECT_OBJC_ISA_USAGE = YES_ERROR;
				CLANG_WARN_DOCUMENTATION_COMMENTS = YES;
				CLANG_WARN_EMPTY_BODY = YES;
				CLANG_WARN_ENUM_CONVERSION = YES;
				CLANG_WARN_INFINITE_RECURSION = YES;
				CLANG_WARN_INT_CONVERSION = YES;
				CLANG_WARN_NON_LITERAL_NULL_CONVERSION = YES;
				CLANG_WARN_OBJC_IMPLICIT_RETAIN_SELF = YES;
				CLANG_WARN_OBJC_LITERAL_CONVERSION = YES;
				CLANG_WARN_OBJC_ROOT_CLASS = YES_ERROR;
				CLANG_WARN_QUOTED_INCLUDE_IN_FRAMEWORK_HEADER = YES;
				CLANG_WARN_RANGE_LOOP_ANALYSIS = YES;
				CLANG_WARN_STRICT_PROTOTYPES = YES;
				CLANG_WARN_SUSPICIOUS_MOVE = YES;
				CLANG_WARN_UNGUARDED_AVAILABILITY = YES_AGGRESSIVE;
				CLANG_WARN_UNREACHABLE_CODE = YES;
				CLANG_WARN__DUPLICATE_METHOD_MATCH = YES;
				COPY_PHASE_STRIP = NO;
				DEBUG_INFORMATION_FORMAT = "dwarf-with-dsym";
				ENABLE_NS_ASSERTIONS = NO;
				ENABLE_STRICT_OBJC_MSGSEND = YES;
				GCC_C_LANGUAGE_STANDARD = gnu11;
				GCC_NO_COMMON_BLOCKS = YES;
				GCC_WARN_64_TO_32_BIT_CONVERSION = YES;
				GCC_WARN_ABOUT_RETURN_TYPE = YES_ERROR;
				GCC_WARN_UNDECLARED_SELECTOR = YES;
				GCC_WARN_UNINITIALIZED_AUTOS = YES_AGGRESSIVE;
				GCC_WARN_UNUSED_FUNCTION = YES;
				GCC_WARN_UNUSED_VARIABLE = YES;
				IPHONEOS_DEPLOYMENT_TARGET = 15.4;
				MTL_ENABLE_DEBUG_INFO = NO;
				MTL_FAST_MATH = YES;
				SDKROOT = iphoneos;
				SWIFT_COMPILATION_MODE = wholemodule;
				SWIFT_OPTIMIZATION_LEVEL = "-O";
				VALIDATE_PRODUCT = YES;
			};
			name = Release;
		};
		FAF573BF280239E400265B5C /* Debug */ = {
			isa = XCBuildConfiguration;
			baseConfigurationReference = 41793C263B3F8CC73CE6CA04 /* Pods-IOSNewsApp.debug.xcconfig */;
			buildSettings = {
				ASSETCATALOG_COMPILER_APPICON_NAME = AppIcon;
				ASSETCATALOG_COMPILER_GLOBAL_ACCENT_COLOR_NAME = AccentColor;
				CODE_SIGN_STYLE = Automatic;
				CURRENT_PROJECT_VERSION = 1;
				DEVELOPMENT_TEAM = ND4X3X9TLW;
				GENERATE_INFOPLIST_FILE = YES;
				INFOPLIST_FILE = IOSNewsApp/Info.plist;
				INFOPLIST_KEY_UIApplicationSupportsIndirectInputEvents = YES;
				INFOPLIST_KEY_UILaunchStoryboardName = LaunchScreen;
				INFOPLIST_KEY_UIMainStoryboardFile = Main;
				INFOPLIST_KEY_UISupportedInterfaceOrientations_iPad = "UIInterfaceOrientationPortrait UIInterfaceOrientationPortraitUpsideDown UIInterfaceOrientationLandscapeLeft UIInterfaceOrientationLandscapeRight";
				INFOPLIST_KEY_UISupportedInterfaceOrientations_iPhone = "UIInterfaceOrientationPortrait UIInterfaceOrientationLandscapeLeft UIInterfaceOrientationLandscapeRight";
				LD_RUNPATH_SEARCH_PATHS = (
					"$(inherited)",
					"@executable_path/Frameworks",
				);
				MARKETING_VERSION = 1.0;
				PRODUCT_BUNDLE_IDENTIFIER = nurbolat.IOSNewsApp;
				PRODUCT_NAME = "$(TARGET_NAME)";
				SWIFT_EMIT_LOC_STRINGS = YES;
				SWIFT_VERSION = 5.0;
				TARGETED_DEVICE_FAMILY = "1,2";
			};
			name = Debug;
		};
		FAF573C0280239E400265B5C /* Release */ = {
			isa = XCBuildConfiguration;
			baseConfigurationReference = 59369F5F2302E199E86ABAE9 /* Pods-IOSNewsApp.release.xcconfig */;
			buildSettings = {
				ASSETCATALOG_COMPILER_APPICON_NAME = AppIcon;
				ASSETCATALOG_COMPILER_GLOBAL_ACCENT_COLOR_NAME = AccentColor;
				CODE_SIGN_STYLE = Automatic;
				CURRENT_PROJECT_VERSION = 1;
				DEVELOPMENT_TEAM = ND4X3X9TLW;
				GENERATE_INFOPLIST_FILE = YES;
				INFOPLIST_FILE = IOSNewsApp/Info.plist;
				INFOPLIST_KEY_UIApplicationSupportsIndirectInputEvents = YES;
				INFOPLIST_KEY_UILaunchStoryboardName = LaunchScreen;
				INFOPLIST_KEY_UIMainStoryboardFile = Main;
				INFOPLIST_KEY_UISupportedInterfaceOrientations_iPad = "UIInterfaceOrientationPortrait UIInterfaceOrientationPortraitUpsideDown UIInterfaceOrientationLandscapeLeft UIInterfaceOrientationLandscapeRight";
				INFOPLIST_KEY_UISupportedInterfaceOrientations_iPhone = "UIInterfaceOrientationPortrait UIInterfaceOrientationLandscapeLeft UIInterfaceOrientationLandscapeRight";
				LD_RUNPATH_SEARCH_PATHS = (
					"$(inherited)",
					"@executable_path/Frameworks",
				);
				MARKETING_VERSION = 1.0;
				PRODUCT_BUNDLE_IDENTIFIER = nurbolat.IOSNewsApp;
				PRODUCT_NAME = "$(TARGET_NAME)";
				SWIFT_EMIT_LOC_STRINGS = YES;
				SWIFT_VERSION = 5.0;
				TARGETED_DEVICE_FAMILY = "1,2";
			};
			name = Release;
		};
/* End XCBuildConfiguration section */

/* Begin XCConfigurationList section */
		FAF573A2280239E200265B5C /* Build configuration list for PBXProject "IOSNewsApp" */ = {
			isa = XCConfigurationList;
			buildConfigurations = (
				FAF573BC280239E400265B5C /* Debug */,
				FAF573BD280239E400265B5C /* Release */,
			);
			defaultConfigurationIsVisible = 0;
			defaultConfigurationName = Release;
		};
		FAF573BE280239E400265B5C /* Build configuration list for PBXNativeTarget "IOSNewsApp" */ = {
			isa = XCConfigurationList;
			buildConfigurations = (
				FAF573BF280239E400265B5C /* Debug */,
				FAF573C0280239E400265B5C /* Release */,
			);
			defaultConfigurationIsVisible = 0;
			defaultConfigurationName = Release;
		};
/* End XCConfigurationList section */

/* Begin XCVersionGroup section */
		FAF573B3280239E200265B5C /* IOSNewsApp.xcdatamodeld */ = {
			isa = XCVersionGroup;
			children = (
				FAF573B4280239E200265B5C /* IOSNewsApp.xcdatamodel */,
			);
			currentVersion = FAF573B4280239E200265B5C /* IOSNewsApp.xcdatamodel */;
			path = IOSNewsApp.xcdatamodeld;
			sourceTree = "<group>";
			versionGroupType = wrapper.xcdatamodel;
		};
/* End XCVersionGroup section */
	};
	rootObject = FAF5739F280239E200265B5C /* Project object */;
}
